{
  "version": 4,
  "terraform_version": "1.0.0",
  "serial": 8,
  "lineage": "1461d09a-74f0-739b-2ea9-7ea1df1e0272",
  "outputs": {
    "public_ip": {
      "value": "54.161.104.87",
      "type": "string"
    }
  },
  "resources": [
    {
      "mode": "data",
      "type": "aws_ami",
      "name": "ubuntu",
      "provider": "provider[\"registry.terraform.io/hashicorp/aws\"]",
      "instances": [
        {
          "schema_version": 0,
          "attributes": {
            "architecture": "x86_64",
            "arn": "arn:aws:ec2:us-east-1::image/ami-083654bd07b5da81d",
            "block_device_mappings": [
              {
                "device_name": "/dev/sda1",
                "ebs": {
                  "delete_on_termination": "true",
                  "encrypted": "false",
                  "iops": "0",
                  "snapshot_id": "snap-0c97f1c43c6bb2043",
                  "throughput": "0",
                  "volume_size": "8",
                  "volume_type": "gp2"
                },
                "no_device": "",
                "virtual_name": ""
              },
              {
                "device_name": "/dev/sdb",
                "ebs": {},
                "no_device": "",
                "virtual_name": "ephemeral0"
              },
              {
                "device_name": "/dev/sdc",
                "ebs": {},
                "no_device": "",
                "virtual_name": "ephemeral1"
              }
            ],
            "creation_date": "2021-10-22T00:40:53.000Z",
            "description": "Canonical, Ubuntu, 20.04 LTS, amd64 focal image build on 2021-10-21",
            "executable_users": null,
            "filter": [
              {
                "name": "name",
                "values": [
                  "ubuntu/images/hvm-ssd/ubuntu-*20*-amd64-server-*"
                ]
              },
              {
                "name": "virtualization-type",
                "values": [
                  "hvm"
                ]
              }
            ],
            "hypervisor": "xen",
            "id": "ami-083654bd07b5da81d",
            "image_id": "ami-083654bd07b5da81d",
            "image_location": "099720109477/ubuntu/images/hvm-ssd/ubuntu-focal-20.04-amd64-server-20211021",
            "image_owner_alias": null,
            "image_type": "machine",
            "kernel_id": null,
            "most_recent": true,
            "name": "ubuntu/images/hvm-ssd/ubuntu-focal-20.04-amd64-server-20211021",
            "name_regex": null,
            "owner_id": "099720109477",
            "owners": [
              "099720109477"
            ],
            "platform": null,
            "product_codes": [],
            "public": true,
            "ramdisk_id": null,
            "root_device_name": "/dev/sda1",
            "root_device_type": "ebs",
            "root_snapshot_id": "snap-0c97f1c43c6bb2043",
            "sriov_net_support": "simple",
            "state": "available",
            "state_reason": {
              "code": "UNSET",
              "message": "UNSET"
            },
            "tags": {},
            "virtualization_type": "hvm"
          },
          "sensitive_attributes": []
        }
      ]
    },
    {
      "mode": "data",
      "type": "template_file",
      "name": "user_data",
      "provider": "provider[\"registry.terraform.io/hashicorp/template\"]",
      "instances": [
        {
          "schema_version": 0,
          "attributes": {
            "filename": null,
            "id": "59db55c62b28bac15fc43bee89dc318f4d9b4392b78ffca821fa9b9c438da93a",
            "rendered": "#cloud-config\n# Add groups to the system\n# Adds the ubuntu group with members 'root' and 'sys'\n# and the empty group hashicorp.\ngroups:\n  - ubuntu: [root,sys]\n  - hashicorp\n\n# Add users to the system. Users are added after groups are added.\nusers:\n  - default\n  - name: terraform\n    gecos: terraform\n    shell: /bin/bash\n    primary_group: hashicorp\n    sudo: ALL=(ALL) NOPASSWD:ALL\n    groups: users, admin\n    lock_passwd: false\n    ssh_authorized_keys:\n      - ssh-rsa AAAAB3NzaC1yc2EAAAADAQABAAABgQC0mPCR4498PSLL2un6vFQSWWAdGSK0Qu87CyQXjw0ShzCeqSkWwFFO7Vk2L7VYapnel0Abj7woOmcpxgFDMoibL455MJtdd86tsNV6o4W8K7xqhxnEB5tFKthfrXbg5OR4/mBV/za99mJCUkGszSyRd1fSr5uFVhh6PNgSt46o12OxoUAiHljhD2C8+RuV82LfEuokamc06nZPD5yzCMyIPC9lSPPZMcH+P52ajRFeYuk9SKXRSQcy17I3ptpXsvLTSNKXn9DDqMoRY2sqgJCXDGPlT2oTkrYq5j8LQ+Shw7oqNJjts1qEmPyhBjOzlM528CL6wy2FeeMvnayAnBGqYyQ6L76GUsVTciTCoc1im3cOVuxreOZS5BAoFke1She2uEbijRCT5MTkPHCGJHq3C6EnyQRlMiqioxJ6H4B9FwKDv9n9AE756ULfgC1z+zIBQx9hO4LYYrfSWhJ1HBsXAIUP7wnY0GI74DPYPgGpdj0J6y8E2g8G/G9yJ9iWa7M= ayotechnology31@gmail.com\n\n# Downloads the golang package\npackages:\n  - golang-go\n\n# Sets the GOPATH \u0026 downloads the demo payload\nruncmd:\n  - sudo su terraform\n  - sudo mkdir /home/terraform/go\n  - sudo chown terraform:hashicorp /home/terraform/go\n  - export GOPATH=/home/terraform/go\n  - go get github.com/hashicorp/learn-go-webapp-demo\n",
            "template": "#cloud-config\n# Add groups to the system\n# Adds the ubuntu group with members 'root' and 'sys'\n# and the empty group hashicorp.\ngroups:\n  - ubuntu: [root,sys]\n  - hashicorp\n\n# Add users to the system. Users are added after groups are added.\nusers:\n  - default\n  - name: terraform\n    gecos: terraform\n    shell: /bin/bash\n    primary_group: hashicorp\n    sudo: ALL=(ALL) NOPASSWD:ALL\n    groups: users, admin\n    lock_passwd: false\n    ssh_authorized_keys:\n      - ssh-rsa AAAAB3NzaC1yc2EAAAADAQABAAABgQC0mPCR4498PSLL2un6vFQSWWAdGSK0Qu87CyQXjw0ShzCeqSkWwFFO7Vk2L7VYapnel0Abj7woOmcpxgFDMoibL455MJtdd86tsNV6o4W8K7xqhxnEB5tFKthfrXbg5OR4/mBV/za99mJCUkGszSyRd1fSr5uFVhh6PNgSt46o12OxoUAiHljhD2C8+RuV82LfEuokamc06nZPD5yzCMyIPC9lSPPZMcH+P52ajRFeYuk9SKXRSQcy17I3ptpXsvLTSNKXn9DDqMoRY2sqgJCXDGPlT2oTkrYq5j8LQ+Shw7oqNJjts1qEmPyhBjOzlM528CL6wy2FeeMvnayAnBGqYyQ6L76GUsVTciTCoc1im3cOVuxreOZS5BAoFke1She2uEbijRCT5MTkPHCGJHq3C6EnyQRlMiqioxJ6H4B9FwKDv9n9AE756ULfgC1z+zIBQx9hO4LYYrfSWhJ1HBsXAIUP7wnY0GI74DPYPgGpdj0J6y8E2g8G/G9yJ9iWa7M= ayotechnology31@gmail.com\n\n# Downloads the golang package\npackages:\n  - golang-go\n\n# Sets the GOPATH \u0026 downloads the demo payload\nruncmd:\n  - sudo su terraform\n  - sudo mkdir /home/terraform/go\n  - sudo chown terraform:hashicorp /home/terraform/go\n  - export GOPATH=/home/terraform/go\n  - go get github.com/hashicorp/learn-go-webapp-demo\n",
            "vars": null
          },
          "sensitive_attributes": []
        }
      ]
    },
    {
      "mode": "managed",
      "type": "aws_instance",
      "name": "web",
      "provider": "provider[\"registry.terraform.io/hashicorp/aws\"]",
      "instances": [
        {
          "schema_version": 1,
          "attributes": {
            "ami": "ami-083654bd07b5da81d",
            "arn": "arn:aws:ec2:us-east-1:762158062152:instance/i-066bf291da1e5bc52",
            "associate_public_ip_address": true,
            "availability_zone": "us-east-1d",
            "cpu_core_count": 1,
            "cpu_threads_per_core": 1,
            "credit_specification": [
              {
                "cpu_credits": "standard"
              }
            ],
            "disable_api_termination": false,
            "ebs_block_device": [],
            "ebs_optimized": false,
            "enclave_options": [
              {
                "enabled": false
              }
            ],
            "ephemeral_block_device": [],
            "get_password_data": false,
            "hibernation": false,
            "host_id": null,
            "iam_instance_profile": "",
            "id": "i-066bf291da1e5bc52",
            "instance_initiated_shutdown_behavior": null,
            "instance_state": "running",
            "instance_type": "t2.micro",
            "ipv6_address_count": 0,
            "ipv6_addresses": [],
            "key_name": "",
            "metadata_options": [
              {
                "http_endpoint": "enabled",
                "http_put_response_hop_limit": 1,
                "http_tokens": "optional"
              }
            ],
            "monitoring": false,
            "network_interface": [],
            "outpost_arn": "",
            "password_data": "",
            "placement_group": "",
            "primary_network_interface_id": "eni-0d52df304a69ab4e1",
            "private_dns": "ip-10-1-0-168.ec2.internal",
            "private_ip": "10.1.0.168",
            "public_dns": "ec2-54-161-104-87.compute-1.amazonaws.com",
            "public_ip": "54.161.104.87",
            "root_block_device": [
              {
                "delete_on_termination": true,
                "device_name": "/dev/sda1",
                "encrypted": false,
                "iops": 100,
                "kms_key_id": "",
                "tags": {},
                "throughput": 0,
                "volume_id": "vol-03fd855438ee5e59d",
                "volume_size": 8,
                "volume_type": "gp2"
              }
            ],
            "secondary_private_ips": [],
            "security_groups": [],
            "source_dest_check": true,
            "subnet_id": "subnet-0ad5798a210ad6ec3",
            "tags": {
              "Name": "Learn-CloudInit"
            },
            "tenancy": "default",
            "timeouts": null,
            "user_data": "d421dc9791e4f1d8a8b657d8105a5014725be6ef",
            "user_data_base64": null,
            "volume_tags": null,
            "vpc_security_group_ids": [
              "sg-0f7308a458f51c02b"
            ]
          },
          "sensitive_attributes": [],
          "private": "eyJlMmJmYjczMC1lY2FhLTExZTYtOGY4OC0zNDM2M2JjN2M0YzAiOnsiY3JlYXRlIjo2MDAwMDAwMDAwMDAsImRlbGV0ZSI6MTIwMDAwMDAwMDAwMCwidXBkYXRlIjo2MDAwMDAwMDAwMDB9LCJzY2hlbWFfdmVyc2lvbiI6IjEifQ==",
          "dependencies": [
            "aws_security_group.sg_22_80",
            "aws_subnet.subnet_public",
            "aws_vpc.vpc",
            "data.aws_ami.ubuntu",
            "data.template_file.user_data"
          ]
        }
      ]
    },
    {
      "mode": "managed",
      "type": "aws_internet_gateway",
      "name": "igw",
      "provider": "provider[\"registry.terraform.io/hashicorp/aws\"]",
      "instances": [
        {
          "schema_version": 0,
          "attributes": {
            "arn": "arn:aws:ec2:us-east-1:762158062152:internet-gateway/igw-0dc2d8bdbfca2cd77",
            "id": "igw-0dc2d8bdbfca2cd77",
            "owner_id": "762158062152",
            "tags": null,
            "vpc_id": "vpc-0169d3a95f756fb58"
          },
          "sensitive_attributes": [],
          "private": "bnVsbA==",
          "dependencies": [
            "aws_vpc.vpc"
          ]
        }
      ]
    },
    {
      "mode": "managed",
      "type": "aws_route_table",
      "name": "rtb_public",
      "provider": "provider[\"registry.terraform.io/hashicorp/aws\"]",
      "instances": [
        {
          "schema_version": 0,
          "attributes": {
            "id": "rtb-03cb762ea6c19e66c",
            "owner_id": "762158062152",
            "propagating_vgws": [],
            "route": [
              {
                "cidr_block": "0.0.0.0/0",
                "egress_only_gateway_id": "",
                "gateway_id": "igw-0dc2d8bdbfca2cd77",
                "instance_id": "",
                "ipv6_cidr_block": "",
                "local_gateway_id": "",
                "nat_gateway_id": "",
                "network_interface_id": "",
                "transit_gateway_id": "",
                "vpc_endpoint_id": "",
                "vpc_peering_connection_id": ""
              }
            ],
            "tags": null,
            "vpc_id": "vpc-0169d3a95f756fb58"
          },
          "sensitive_attributes": [],
          "private": "bnVsbA==",
          "dependencies": [
            "aws_internet_gateway.igw",
            "aws_vpc.vpc"
          ]
        }
      ]
    },
    {
      "mode": "managed",
      "type": "aws_route_table_association",
      "name": "rta_subnet_public",
      "provider": "provider[\"registry.terraform.io/hashicorp/aws\"]",
      "instances": [
        {
          "schema_version": 0,
          "attributes": {
            "gateway_id": null,
            "id": "rtbassoc-0267fd1ee099ad071",
            "route_table_id": "rtb-03cb762ea6c19e66c",
            "subnet_id": "subnet-0ad5798a210ad6ec3"
          },
          "sensitive_attributes": [],
          "private": "bnVsbA==",
          "dependencies": [
            "aws_internet_gateway.igw",
            "aws_route_table.rtb_public",
            "aws_subnet.subnet_public",
            "aws_vpc.vpc"
          ]
        }
      ]
    },
    {
      "mode": "managed",
      "type": "aws_security_group",
      "name": "sg_22_80",
      "provider": "provider[\"registry.terraform.io/hashicorp/aws\"]",
      "instances": [
        {
          "schema_version": 1,
          "attributes": {
            "arn": "arn:aws:ec2:us-east-1:762158062152:security-group/sg-0f7308a458f51c02b",
            "description": "Managed by Terraform",
            "egress": [
              {
                "cidr_blocks": [
                  "0.0.0.0/0"
                ],
                "description": "",
                "from_port": 0,
                "ipv6_cidr_blocks": [],
                "prefix_list_ids": [],
                "protocol": "-1",
                "security_groups": [],
                "self": false,
                "to_port": 0
              }
            ],
            "id": "sg-0f7308a458f51c02b",
            "ingress": [
              {
                "cidr_blocks": [
                  "0.0.0.0/0"
                ],
                "description": "",
                "from_port": 22,
                "ipv6_cidr_blocks": [],
                "prefix_list_ids": [],
                "protocol": "tcp",
                "security_groups": [],
                "self": false,
                "to_port": 22
              },
              {
                "cidr_blocks": [
                  "0.0.0.0/0"
                ],
                "description": "",
                "from_port": 8080,
                "ipv6_cidr_blocks": [],
                "prefix_list_ids": [],
                "protocol": "tcp",
                "security_groups": [],
                "self": false,
                "to_port": 8080
              },
              {
                "cidr_blocks": [
                  "0.0.0.0/0"
                ],
                "description": "",
                "from_port": 80,
                "ipv6_cidr_blocks": [],
                "prefix_list_ids": [],
                "protocol": "tcp",
                "security_groups": [],
                "self": false,
                "to_port": 80
              }
            ],
            "name": "sg_22",
            "name_prefix": "",
            "owner_id": "762158062152",
            "revoke_rules_on_delete": false,
            "tags": null,
            "timeouts": null,
            "vpc_id": "vpc-0169d3a95f756fb58"
          },
          "sensitive_attributes": [],
          "private": "eyJlMmJmYjczMC1lY2FhLTExZTYtOGY4OC0zNDM2M2JjN2M0YzAiOnsiY3JlYXRlIjo2MDAwMDAwMDAwMDAsImRlbGV0ZSI6NjAwMDAwMDAwMDAwfSwic2NoZW1hX3ZlcnNpb24iOiIxIn0=",
          "dependencies": [
            "aws_vpc.vpc"
          ]
        }
      ]
    },
    {
      "mode": "managed",
      "type": "aws_subnet",
      "name": "subnet_public",
      "provider": "provider[\"registry.terraform.io/hashicorp/aws\"]",
      "instances": [
        {
          "schema_version": 1,
          "attributes": {
            "arn": "arn:aws:ec2:us-east-1:762158062152:subnet/subnet-0ad5798a210ad6ec3",
            "assign_ipv6_address_on_creation": false,
            "availability_zone": "us-east-1d",
            "availability_zone_id": "use1-az2",
            "cidr_block": "10.1.0.0/24",
            "id": "subnet-0ad5798a210ad6ec3",
            "ipv6_cidr_block": "",
            "ipv6_cidr_block_association_id": "",
            "map_public_ip_on_launch": false,
            "outpost_arn": "",
            "owner_id": "762158062152",
            "tags": null,
            "timeouts": null,
            "vpc_id": "vpc-0169d3a95f756fb58"
          },
          "sensitive_attributes": [],
          "private": "eyJlMmJmYjczMC1lY2FhLTExZTYtOGY4OC0zNDM2M2JjN2M0YzAiOnsiY3JlYXRlIjo2MDAwMDAwMDAwMDAsImRlbGV0ZSI6MTIwMDAwMDAwMDAwMH0sInNjaGVtYV92ZXJzaW9uIjoiMSJ9",
          "dependencies": [
            "aws_vpc.vpc"
          ]
        }
      ]
    },
    {
      "mode": "managed",
      "type": "aws_vpc",
      "name": "vpc",
      "provider": "provider[\"registry.terraform.io/hashicorp/aws\"]",
      "instances": [
        {
          "schema_version": 1,
          "attributes": {
            "arn": "arn:aws:ec2:us-east-1:762158062152:vpc/vpc-0169d3a95f756fb58",
            "assign_generated_ipv6_cidr_block": false,
            "cidr_block": "10.1.0.0/16",
            "default_network_acl_id": "acl-0ad0373ed8960cf3d",
            "default_route_table_id": "rtb-0a825e70a38a1e048",
            "default_security_group_id": "sg-00f207de82e4d5a80",
            "dhcp_options_id": "dopt-0afcaccac8f9f964f",
            "enable_classiclink": false,
            "enable_classiclink_dns_support": false,
            "enable_dns_hostnames": true,
            "enable_dns_support": true,
            "id": "vpc-0169d3a95f756fb58",
            "instance_tenancy": "default",
            "ipv6_association_id": "",
            "ipv6_cidr_block": "",
            "main_route_table_id": "rtb-0a825e70a38a1e048",
            "owner_id": "762158062152",
            "tags": null
          },
          "sensitive_attributes": [],
          "private": "eyJzY2hlbWFfdmVyc2lvbiI6IjEifQ=="
        }
      ]
    }
  ]
}
